{
  "version": 4,
  "terraform_version": "1.11.4",
  "serial": 68,
  "lineage": "72d5c018-5a25-ef9f-b90d-473e8d8f4719",
  "outputs": {},
  "resources": [
    {
      "mode": "data",
      "type": "yandex_vpc_network",
      "name": "existing_network",
      "provider": "provider[\"registry.terraform.io/yandex-cloud/yandex\"]",
      "instances": [
        {
          "schema_version": 0,
          "attributes": {
            "created_at": "2025-04-22T09:49:15Z",
            "default_security_group_id": "enpqqvull74h9tbcpge4",
            "description": "Auto-created network",
            "folder_id": "b1gtnji4taus00p96dsu",
            "id": "enp00tjkc51r61df753o",
            "labels": {},
            "name": "default",
            "network_id": "enp00tjkc51r61df753o",
            "subnet_ids": [
              "e2lqiujhjnqp3li4ft10",
              "e9b6f7gknjapdcq97c1i",
              "fl8fv5p91s2uhatsnho0"
            ]
          },
          "sensitive_attributes": []
        }
      ]
    },
    {
      "mode": "data",
      "type": "yandex_vpc_subnet",
      "name": "existing_subnet",
      "provider": "provider[\"registry.terraform.io/yandex-cloud/yandex\"]",
      "instances": [
        {
          "schema_version": 0,
          "attributes": {
            "created_at": "2025-04-22T09:49:21Z",
            "description": "Auto-created default subnet for zone ru-central1-a in default",
            "dhcp_options": [],
            "folder_id": "b1gtnji4taus00p96dsu",
            "id": "e9b6f7gknjapdcq97c1i",
            "labels": {},
            "name": "default-ru-central1-a",
            "network_id": "enp00tjkc51r61df753o",
            "route_table_id": "",
            "subnet_id": "e9b6f7gknjapdcq97c1i",
            "v4_cidr_blocks": [
              "10.128.0.0/24"
            ],
            "v6_cidr_blocks": [],
            "zone": "ru-central1-a"
          },
          "sensitive_attributes": []
        }
      ]
    },
    {
      "mode": "managed",
      "type": "yandex_compute_instance",
      "name": "frontend_1",
      "provider": "provider[\"registry.terraform.io/yandex-cloud/yandex\"]",
      "instances": [
        {
          "schema_version": 1,
          "attributes": {
            "allow_recreate": null,
            "allow_stopping_for_update": null,
            "boot_disk": [
              {
                "auto_delete": true,
                "device_name": "fhm9d6k5ash0695e5nm5",
                "disk_id": "fhm9d6k5ash0695e5nm5",
                "initialize_params": [
                  {
                    "block_size": 4096,
                    "description": "",
                    "image_id": "fd8emvfmfoaordspe1jr",
                    "kms_key_id": "",
                    "name": "",
                    "size": 20,
                    "snapshot_id": "",
                    "type": "network-ssd"
                  }
                ],
                "mode": "READ_WRITE"
              }
            ],
            "created_at": "2025-05-03T18:58:09Z",
            "description": "",
            "filesystem": [],
            "folder_id": "b1gtnji4taus00p96dsu",
            "fqdn": "fhmbt3ej0en1u9mruegd.auto.internal",
            "gpu_cluster_id": "",
            "hardware_generation": [
              {
                "generation2_features": [],
                "legacy_features": [
                  {
                    "pci_topology": "PCI_TOPOLOGY_V1"
                  }
                ]
              }
            ],
            "hostname": "",
            "id": "fhmbt3ej0en1u9mruegd",
            "labels": {},
            "local_disk": [],
            "maintenance_grace_period": "",
            "maintenance_policy": null,
            "metadata": {
              "ssh-keys": "ubuntu:ssh-rsa AAAAB3NzaC1yc2EAAAADAQABAAABAQCmRQdz4LBXoyTrhuX+d+fluKRSh/9brNnPYx9Y9x799HyQBguyXUwV7Nqo13a4kG3vmv3i9D0NxWfNnm64tYLbv/Sv/9D+R9vEJ880/1z+T8uBQll9HA6Q71F4qU83zC/LDRGBV9TJP0E00pFdf1vWJZTqaSpiH4LEEX49iCMf9+fVrS5vB2Zq2V1yQEF8T/VOxclViUvZAyVWQTocIAZRmmoNeRRTNRF+lROPcFcqmQtR+xiqwch1gskjkvQ/Dq+2xinvyh2uKTs76BvBWu6Uut2WQw9f7g9Prs/IzivLVilREn9OIXqpxnxr2GRJ1sH8KIi7Z0BdBsiDPqkYhpkB admin@Computer",
              "user-data": "#!/bin/bash\r\napt-get update\r\napt-get upgrade -y\r\napt-get install -y software-properties-common\r\nadd-apt-repository -y ppa:ondrej/php\r\napt-get update\r\napt-get install -y nginx php8.1 php8.1-fpm php8.1-pgsql php8.1-xml php8.1-intl php8.1-gd php8.1-mbstring php8.1-curl php8.1-apcu\r\n\r\ncd /var/www/html\r\nwget https://releases.wikimedia.org/mediawiki/1.42/mediawiki-1.42.1.tar.gz\r\ntar xvzf mediawiki-1.42.1.tar.gz\r\nmv mediawiki-1.42.1 mediawiki\r\nchown -R www-data:www-data mediawiki\r\n\r\ncat \u003e /var/www/html/mediawiki/LocalSettings.php \u003c\u003c'EOF'\r\n\u003c?php\r\n$wgSitename = \"MediaWiki\";\r\n$wgMetaNamespace = \"MediaWiki\";\r\n$wgDBtype = \"postgres\";\r\n$wgDBserver = \"10.128.0.20\";\r\n$wgDBname = \"mediawiki\";\r\n$wgDBuser = \"mediawiki\";\r\n$wgDBpassword = \"MediaWikiSecurePass2024!\";\r\n$wgServer = \"http://LOAD_BALANCER_IP\";\r\n$wgCanonicalServer = \"http://LOAD_BALANCER_IP\";\r\n$wgScriptPath = \"/mediawiki\";\r\n$wgArticlePath = \"/mediawiki/$1\";\r\n$wgUsePathInfo = true;\r\n$wgMainCacheType = CACHE_ACCEL;\r\n$wgMemCachedServers = [];\r\n$wgShowExceptionDetails = true;\r\n$wgShowDBErrorBacktrace = true;\r\n$wgShowSQLErrors = true;\r\n$wgSecretKey = \"$(openssl rand -base64 32)\";\r\n$wgUpgradeKey = \"$(openssl rand -base64 32)\";\r\nEOF\r\n\r\ncat \u003e /etc/nginx/sites-available/mediawiki \u003c\u003c'EOF'\r\nserver {\r\n    listen 80 default_server;\r\n    server_name _;\r\n    root /var/www/html/mediawiki;\r\n    index index.php;\r\n\r\n    location = / {\r\n        return 301 /mediawiki;\r\n    }\r\n\r\n    location /mediawiki {\r\n        try_files $uri $uri/ @mediawiki;\r\n    }\r\n\r\n    location @mediawiki {\r\n        rewrite ^/mediawiki/(.*)$ /mediawiki/index.php?title=$1\u0026$args last;\r\n    }\r\n\r\n    location ~ \\.php$ {\r\n        include snippets/fastcgi-php.conf;\r\n        fastcgi_pass unix:/var/run/php/php8.1-fpm.sock;\r\n        fastcgi_param SCRIPT_FILENAME $document_root$fastcgi_script_name;\r\n        include fastcgi_params;\r\n    }\r\n\r\n    location ~ /\\. {\r\n        deny all;\r\n    }\r\n}\r\nEOF\r\n\r\nln -sf /etc/nginx/sites-available/mediawiki /etc/nginx/sites-enabled/\r\nrm -f /etc/nginx/sites-enabled/default\r\nsystemctl restart nginx php8.1-fpm\r\n\r\nchown -R www-data:www-data /var/www/html/mediawiki\r\nchmod -R 755 /var/www/html/mediawiki\r\n"
            },
            "metadata_options": [
              {
                "aws_v1_http_endpoint": 1,
                "aws_v1_http_token": 2,
                "gce_http_endpoint": 1,
                "gce_http_token": 1
              }
            ],
            "name": "mediawiki-frontend-1",
            "network_acceleration_type": "standard",
            "network_interface": [
              {
                "dns_record": [],
                "index": 0,
                "ip_address": "10.128.0.10",
                "ipv4": true,
                "ipv6": false,
                "ipv6_address": "",
                "ipv6_dns_record": [],
                "mac_address": "d0:0d:be:8d:d3:03",
                "nat": true,
                "nat_dns_record": [],
                "nat_ip_address": "51.250.15.205",
                "nat_ip_version": "IPV4",
                "security_group_ids": [],
                "subnet_id": "e9b6f7gknjapdcq97c1i"
              }
            ],
            "placement_policy": [
              {
                "host_affinity_rules": [],
                "placement_group_id": "",
                "placement_group_partition": 0
              }
            ],
            "platform_id": "standard-v3",
            "resources": [
              {
                "core_fraction": 100,
                "cores": 2,
                "gpus": 0,
                "memory": 4
              }
            ],
            "scheduling_policy": [
              {
                "preemptible": false
              }
            ],
            "secondary_disk": [],
            "service_account_id": "",
            "status": "running",
            "timeouts": null,
            "zone": "ru-central1-a"
          },
          "sensitive_attributes": [],
          "private": "eyJlMmJmYjczMC1lY2FhLTExZTYtOGY4OC0zNDM2M2JjN2M0YzAiOnsiY3JlYXRlIjozMDAwMDAwMDAwMDAsImRlbGV0ZSI6MzAwMDAwMDAwMDAwLCJ1cGRhdGUiOjMwMDAwMDAwMDAwMH0sInNjaGVtYV92ZXJzaW9uIjoiMSJ9",
          "dependencies": [
            "data.yandex_vpc_subnet.existing_subnet"
          ]
        }
      ]
    },
    {
      "mode": "managed",
      "type": "yandex_compute_instance",
      "name": "frontend_2",
      "provider": "provider[\"registry.terraform.io/yandex-cloud/yandex\"]",
      "instances": [
        {
          "schema_version": 1,
          "attributes": {
            "allow_recreate": null,
            "allow_stopping_for_update": null,
            "boot_disk": [
              {
                "auto_delete": true,
                "device_name": "fhmmo6vv2lrmouqur2ul",
                "disk_id": "fhmmo6vv2lrmouqur2ul",
                "initialize_params": [
                  {
                    "block_size": 4096,
                    "description": "",
                    "image_id": "fd8emvfmfoaordspe1jr",
                    "kms_key_id": "",
                    "name": "",
                    "size": 20,
                    "snapshot_id": "",
                    "type": "network-ssd"
                  }
                ],
                "mode": "READ_WRITE"
              }
            ],
            "created_at": "2025-05-03T18:58:09Z",
            "description": "",
            "filesystem": [],
            "folder_id": "b1gtnji4taus00p96dsu",
            "fqdn": "fhmfo0a797khr3unp3pv.auto.internal",
            "gpu_cluster_id": "",
            "hardware_generation": [
              {
                "generation2_features": [],
                "legacy_features": [
                  {
                    "pci_topology": "PCI_TOPOLOGY_V1"
                  }
                ]
              }
            ],
            "hostname": "",
            "id": "fhmfo0a797khr3unp3pv",
            "labels": {},
            "local_disk": [],
            "maintenance_grace_period": "",
            "maintenance_policy": null,
            "metadata": {
              "ssh-keys": "ubuntu:ssh-rsa AAAAB3NzaC1yc2EAAAADAQABAAABAQCmRQdz4LBXoyTrhuX+d+fluKRSh/9brNnPYx9Y9x799HyQBguyXUwV7Nqo13a4kG3vmv3i9D0NxWfNnm64tYLbv/Sv/9D+R9vEJ880/1z+T8uBQll9HA6Q71F4qU83zC/LDRGBV9TJP0E00pFdf1vWJZTqaSpiH4LEEX49iCMf9+fVrS5vB2Zq2V1yQEF8T/VOxclViUvZAyVWQTocIAZRmmoNeRRTNRF+lROPcFcqmQtR+xiqwch1gskjkvQ/Dq+2xinvyh2uKTs76BvBWu6Uut2WQw9f7g9Prs/IzivLVilREn9OIXqpxnxr2GRJ1sH8KIi7Z0BdBsiDPqkYhpkB admin@Computer",
              "user-data": "#!/bin/bash\r\napt-get update\r\napt-get upgrade -y\r\napt-get install -y software-properties-common\r\nadd-apt-repository -y ppa:ondrej/php\r\napt-get update\r\napt-get install -y nginx php8.1 php8.1-fpm php8.1-pgsql php8.1-xml php8.1-intl php8.1-gd php8.1-mbstring php8.1-curl php8.1-apcu\r\n\r\ncd /var/www/html\r\nwget https://releases.wikimedia.org/mediawiki/1.42/mediawiki-1.42.1.tar.gz\r\ntar xvzf mediawiki-1.42.1.tar.gz\r\nmv mediawiki-1.42.1 mediawiki\r\nchown -R www-data:www-data mediawiki\r\n\r\ncat \u003e /var/www/html/mediawiki/LocalSettings.php \u003c\u003c'EOF'\r\n\u003c?php\r\n$wgSitename = \"MediaWiki\";\r\n$wgMetaNamespace = \"MediaWiki\";\r\n$wgDBtype = \"postgres\";\r\n$wgDBserver = \"10.128.0.20\";\r\n$wgDBname = \"mediawiki\";\r\n$wgDBuser = \"mediawiki\";\r\n$wgDBpassword = \"MediaWikiSecurePass2024!\";\r\n$wgServer = \"http://LOAD_BALANCER_IP\";\r\n$wgCanonicalServer = \"http://LOAD_BALANCER_IP\";\r\n$wgScriptPath = \"/mediawiki\";\r\n$wgArticlePath = \"/mediawiki/$1\";\r\n$wgUsePathInfo = true;\r\n$wgMainCacheType = CACHE_ACCEL;\r\n$wgMemCachedServers = [];\r\n$wgShowExceptionDetails = true;\r\n$wgShowDBErrorBacktrace = true;\r\n$wgShowSQLErrors = true;\r\n$wgSecretKey = \"$(openssl rand -base64 32)\";\r\n$wgUpgradeKey = \"$(openssl rand -base64 32)\";\r\nEOF\r\n\r\ncat \u003e /etc/nginx/sites-available/mediawiki \u003c\u003c'EOF'\r\nserver {\r\n    listen 80 default_server;\r\n    server_name _;\r\n    root /var/www/html/mediawiki;\r\n    index index.php;\r\n\r\n    location = / {\r\n        return 301 /mediawiki;\r\n    }\r\n\r\n    location /mediawiki {\r\n        try_files $uri $uri/ @mediawiki;\r\n    }\r\n\r\n    location @mediawiki {\r\n        rewrite ^/mediawiki/(.*)$ /mediawiki/index.php?title=$1\u0026$args last;\r\n    }\r\n\r\n    location ~ \\.php$ {\r\n        include snippets/fastcgi-php.conf;\r\n        fastcgi_pass unix:/var/run/php/php8.1-fpm.sock;\r\n        fastcgi_param SCRIPT_FILENAME $document_root$fastcgi_script_name;\r\n        include fastcgi_params;\r\n    }\r\n\r\n    location ~ /\\. {\r\n        deny all;\r\n    }\r\n}\r\nEOF\r\n\r\nln -sf /etc/nginx/sites-available/mediawiki /etc/nginx/sites-enabled/\r\nrm -f /etc/nginx/sites-enabled/default\r\nsystemctl restart nginx php8.1-fpm\r\n\r\nchown -R www-data:www-data /var/www/html/mediawiki\r\nchmod -R 755 /var/www/html/mediawiki\r\n"
            },
            "metadata_options": [
              {
                "aws_v1_http_endpoint": 1,
                "aws_v1_http_token": 2,
                "gce_http_endpoint": 1,
                "gce_http_token": 1
              }
            ],
            "name": "mediawiki-frontend-2",
            "network_acceleration_type": "standard",
            "network_interface": [
              {
                "dns_record": [],
                "index": 0,
                "ip_address": "10.128.0.11",
                "ipv4": true,
                "ipv6": false,
                "ipv6_address": "",
                "ipv6_dns_record": [],
                "mac_address": "d0:0d:fc:01:47:49",
                "nat": true,
                "nat_dns_record": [],
                "nat_ip_address": "89.169.141.43",
                "nat_ip_version": "IPV4",
                "security_group_ids": [],
                "subnet_id": "e9b6f7gknjapdcq97c1i"
              }
            ],
            "placement_policy": [
              {
                "host_affinity_rules": [],
                "placement_group_id": "",
                "placement_group_partition": 0
              }
            ],
            "platform_id": "standard-v3",
            "resources": [
              {
                "core_fraction": 100,
                "cores": 2,
                "gpus": 0,
                "memory": 4
              }
            ],
            "scheduling_policy": [
              {
                "preemptible": false
              }
            ],
            "secondary_disk": [],
            "service_account_id": "",
            "status": "running",
            "timeouts": null,
            "zone": "ru-central1-a"
          },
          "sensitive_attributes": [],
          "private": "eyJlMmJmYjczMC1lY2FhLTExZTYtOGY4OC0zNDM2M2JjN2M0YzAiOnsiY3JlYXRlIjozMDAwMDAwMDAwMDAsImRlbGV0ZSI6MzAwMDAwMDAwMDAwLCJ1cGRhdGUiOjMwMDAwMDAwMDAwMH0sInNjaGVtYV92ZXJzaW9uIjoiMSJ9",
          "dependencies": [
            "data.yandex_vpc_subnet.existing_subnet"
          ]
        }
      ]
    },
    {
      "mode": "managed",
      "type": "yandex_compute_instance",
      "name": "postgresql_master",
      "provider": "provider[\"registry.terraform.io/yandex-cloud/yandex\"]",
      "instances": [
        {
          "schema_version": 1,
          "attributes": {
            "allow_recreate": null,
            "allow_stopping_for_update": null,
            "boot_disk": [
              {
                "auto_delete": true,
                "device_name": "fhm9jmqj7vsgil9pa2cj",
                "disk_id": "fhm9jmqj7vsgil9pa2cj",
                "initialize_params": [
                  {
                    "block_size": 4096,
                    "description": "",
                    "image_id": "fd8emvfmfoaordspe1jr",
                    "kms_key_id": "",
                    "name": "",
                    "size": 30,
                    "snapshot_id": "",
                    "type": "network-ssd"
                  }
                ],
                "mode": "READ_WRITE"
              }
            ],
            "created_at": "2025-05-03T18:58:09Z",
            "description": "",
            "filesystem": [],
            "folder_id": "b1gtnji4taus00p96dsu",
            "fqdn": "fhmobsqj644me6jumd2q.auto.internal",
            "gpu_cluster_id": "",
            "hardware_generation": [
              {
                "generation2_features": [],
                "legacy_features": [
                  {
                    "pci_topology": "PCI_TOPOLOGY_V1"
                  }
                ]
              }
            ],
            "hostname": "",
            "id": "fhmobsqj644me6jumd2q",
            "labels": {},
            "local_disk": [],
            "maintenance_grace_period": "",
            "maintenance_policy": null,
            "metadata": {
              "ssh-keys": "ubuntu:ssh-rsa AAAAB3NzaC1yc2EAAAADAQABAAABAQCmRQdz4LBXoyTrhuX+d+fluKRSh/9brNnPYx9Y9x799HyQBguyXUwV7Nqo13a4kG3vmv3i9D0NxWfNnm64tYLbv/Sv/9D+R9vEJ880/1z+T8uBQll9HA6Q71F4qU83zC/LDRGBV9TJP0E00pFdf1vWJZTqaSpiH4LEEX49iCMf9+fVrS5vB2Zq2V1yQEF8T/VOxclViUvZAyVWQTocIAZRmmoNeRRTNRF+lROPcFcqmQtR+xiqwch1gskjkvQ/Dq+2xinvyh2uKTs76BvBWu6Uut2WQw9f7g9Prs/IzivLVilREn9OIXqpxnxr2GRJ1sH8KIi7Z0BdBsiDPqkYhpkB admin@Computer",
              "user-data": "#!/bin/bash\r\napt-get update\r\napt-get install -y postgresql postgresql-contrib\r\nsystemctl enable postgresql\r\nsystemctl start postgresql\r\n\r\nsed -i \"s/#listen_addresses = 'localhost'/listen_addresses = '*'/\" /etc/postgresql/12/main/postgresql.conf\r\necho \"host    all             all             10.128.0.0/24           md5\" \u003e\u003e /etc/postgresql/12/main/pg_hba.conf\r\nsystemctl restart postgresql\r\n\r\nsudo -u postgres psql -c \"CREATE DATABASE mediawiki;\"\r\nsudo -u postgres psql -c \"CREATE USER mediawiki WITH ENCRYPTED PASSWORD 'MediaWikiSecurePass2024!';\"\r\nsudo -u postgres psql -c \"GRANT ALL PRIVILEGES ON DATABASE mediawiki TO mediawiki;\"\r\n\r\nsudo -u postgres psql -c \"CREATE USER replicator WITH REPLICATION ENCRYPTED PASSWORD 'MediaWikiSecurePass2024!';\"\r\necho \"host    replication     replicator      10.128.0.0/24           md5\" \u003e\u003e /etc/postgresql/12/main/pg_hba.conf\r\nsystemctl restart postgresql\r\n"
            },
            "metadata_options": [
              {
                "aws_v1_http_endpoint": 1,
                "aws_v1_http_token": 2,
                "gce_http_endpoint": 1,
                "gce_http_token": 1
              }
            ],
            "name": "mediawiki-postgresql-master",
            "network_acceleration_type": "standard",
            "network_interface": [
              {
                "dns_record": [],
                "index": 0,
                "ip_address": "10.128.0.20",
                "ipv4": true,
                "ipv6": false,
                "ipv6_address": "",
                "ipv6_dns_record": [],
                "mac_address": "d0:0d:18:5f:35:33",
                "nat": true,
                "nat_dns_record": [],
                "nat_ip_address": "84.201.135.33",
                "nat_ip_version": "IPV4",
                "security_group_ids": [],
                "subnet_id": "e9b6f7gknjapdcq97c1i"
              }
            ],
            "placement_policy": [
              {
                "host_affinity_rules": [],
                "placement_group_id": "",
                "placement_group_partition": 0
              }
            ],
            "platform_id": "standard-v3",
            "resources": [
              {
                "core_fraction": 100,
                "cores": 2,
                "gpus": 0,
                "memory": 4
              }
            ],
            "scheduling_policy": [
              {
                "preemptible": false
              }
            ],
            "secondary_disk": [],
            "service_account_id": "",
            "status": "running",
            "timeouts": null,
            "zone": "ru-central1-a"
          },
          "sensitive_attributes": [],
          "private": "eyJlMmJmYjczMC1lY2FhLTExZTYtOGY4OC0zNDM2M2JjN2M0YzAiOnsiY3JlYXRlIjozMDAwMDAwMDAwMDAsImRlbGV0ZSI6MzAwMDAwMDAwMDAwLCJ1cGRhdGUiOjMwMDAwMDAwMDAwMH0sInNjaGVtYV92ZXJzaW9uIjoiMSJ9",
          "dependencies": [
            "data.yandex_vpc_subnet.existing_subnet"
          ]
        }
      ]
    },
    {
      "mode": "managed",
      "type": "yandex_compute_instance",
      "name": "postgresql_replica",
      "provider": "provider[\"registry.terraform.io/yandex-cloud/yandex\"]",
      "instances": [
        {
          "schema_version": 1,
          "attributes": {
            "allow_recreate": null,
            "allow_stopping_for_update": null,
            "boot_disk": [
              {
                "auto_delete": true,
                "device_name": "fhm61joo4hfaqo8dgeli",
                "disk_id": "fhm61joo4hfaqo8dgeli",
                "initialize_params": [
                  {
                    "block_size": 4096,
                    "description": "",
                    "image_id": "fd8emvfmfoaordspe1jr",
                    "kms_key_id": "",
                    "name": "",
                    "size": 30,
                    "snapshot_id": "",
                    "type": "network-ssd"
                  }
                ],
                "mode": "READ_WRITE"
              }
            ],
            "created_at": "2025-05-03T18:58:09Z",
            "description": "",
            "filesystem": [],
            "folder_id": "b1gtnji4taus00p96dsu",
            "fqdn": "fhmgpo9t1maph4hpa040.auto.internal",
            "gpu_cluster_id": "",
            "hardware_generation": [
              {
                "generation2_features": [],
                "legacy_features": [
                  {
                    "pci_topology": "PCI_TOPOLOGY_V1"
                  }
                ]
              }
            ],
            "hostname": "",
            "id": "fhmgpo9t1maph4hpa040",
            "labels": {},
            "local_disk": [],
            "maintenance_grace_period": "",
            "maintenance_policy": null,
            "metadata": {
              "ssh-keys": "ubuntu:ssh-rsa AAAAB3NzaC1yc2EAAAADAQABAAABAQCmRQdz4LBXoyTrhuX+d+fluKRSh/9brNnPYx9Y9x799HyQBguyXUwV7Nqo13a4kG3vmv3i9D0NxWfNnm64tYLbv/Sv/9D+R9vEJ880/1z+T8uBQll9HA6Q71F4qU83zC/LDRGBV9TJP0E00pFdf1vWJZTqaSpiH4LEEX49iCMf9+fVrS5vB2Zq2V1yQEF8T/VOxclViUvZAyVWQTocIAZRmmoNeRRTNRF+lROPcFcqmQtR+xiqwch1gskjkvQ/Dq+2xinvyh2uKTs76BvBWu6Uut2WQw9f7g9Prs/IzivLVilREn9OIXqpxnxr2GRJ1sH8KIi7Z0BdBsiDPqkYhpkB admin@Computer",
              "user-data": "#!/bin/bash\r\napt-get update\r\napt-get install -y postgresql postgresql-contrib\r\nsystemctl stop postgresql\r\n\r\nrm -rf /var/lib/postgresql/12/main\r\nsudo -u postgres pg_basebackup -h 10.128.0.20 -U replicator -D /var/lib/postgresql/12/main -P -R\r\n\r\necho \"primary_conninfo = 'host=10.128.0.20 port=5432 user=replicator password=MediaWikiSecurePass2024!'\" \u003e\u003e /etc/postgresql/12/main/postgresql.conf\r\necho \"hot_standby = on\" \u003e\u003e /etc/postgresql/12/main/postgresql.conf\r\n\r\nsystemctl start postgresql\r\n"
            },
            "metadata_options": [
              {
                "aws_v1_http_endpoint": 1,
                "aws_v1_http_token": 2,
                "gce_http_endpoint": 1,
                "gce_http_token": 1
              }
            ],
            "name": "mediawiki-postgresql-replica",
            "network_acceleration_type": "standard",
            "network_interface": [
              {
                "dns_record": [],
                "index": 0,
                "ip_address": "10.128.0.21",
                "ipv4": true,
                "ipv6": false,
                "ipv6_address": "",
                "ipv6_dns_record": [],
                "mac_address": "d0:0d:10:ce:13:d0",
                "nat": true,
                "nat_dns_record": [],
                "nat_ip_address": "51.250.81.179",
                "nat_ip_version": "IPV4",
                "security_group_ids": [],
                "subnet_id": "e9b6f7gknjapdcq97c1i"
              }
            ],
            "placement_policy": [
              {
                "host_affinity_rules": [],
                "placement_group_id": "",
                "placement_group_partition": 0
              }
            ],
            "platform_id": "standard-v3",
            "resources": [
              {
                "core_fraction": 100,
                "cores": 2,
                "gpus": 0,
                "memory": 4
              }
            ],
            "scheduling_policy": [
              {
                "preemptible": false
              }
            ],
            "secondary_disk": [],
            "service_account_id": "",
            "status": "running",
            "timeouts": null,
            "zone": "ru-central1-a"
          },
          "sensitive_attributes": [],
          "private": "eyJlMmJmYjczMC1lY2FhLTExZTYtOGY4OC0zNDM2M2JjN2M0YzAiOnsiY3JlYXRlIjozMDAwMDAwMDAwMDAsImRlbGV0ZSI6MzAwMDAwMDAwMDAwLCJ1cGRhdGUiOjMwMDAwMDAwMDAwMH0sInNjaGVtYV92ZXJzaW9uIjoiMSJ9",
          "dependencies": [
            "data.yandex_vpc_subnet.existing_subnet"
          ]
        }
      ]
    }
  ],
  "check_results": null
}
